
Microsoft Visual Studio Solution File, Format Version 12.00
# Visual Studio Version 17
VisualStudioVersion = 17.3.32929.385
MinimumVisualStudioVersion = 10.0.40219.1
Project("{FAE04EC0-301F-11D3-BF4B-00C04F79EFBC}") = "CandidateApp", "CandidateApp\CandidateApp.csproj", "{02E66916-A95E-4652-9484-BF0ED3A5AA29}"
EndProject
Project("{FAE04EC0-301F-11D3-BF4B-00C04F79EFBC}") = "CandidateApp.Domain", "CandidateApp.Domain\CandidateApp.Domain.csproj", "{A62DBEF0-6DAA-4B22-BCB9-35299CA509F3}"
EndProject
Project("{FAE04EC0-301F-11D3-BF4B-00C04F79EFBC}") = "CandidateApp.DataAccess", "CandidateApp.DataAccess\CandidateApp.DataAccess.csproj", "{06DD5244-0D0A-4571-A405-425ECC75DC18}"
EndProject
Global
	GlobalSection(SolutionConfigurationPlatforms) = preSolution
		Debug|Any CPU = Debug|Any CPU
		Release|Any CPU = Release|Any CPU
	EndGlobalSection
	GlobalSection(ProjectConfigurationPlatforms) = postSolution
		{02E66916-A95E-4652-9484-BF0ED3A5AA29}.Debug|Any CPU.ActiveCfg = Debug|Any CPU
		{02E66916-A95E-4652-9484-BF0ED3A5AA29}.Debug|Any CPU.Build.0 = Debug|Any CPU
		{02E66916-A95E-4652-9484-BF0ED3A5AA29}.Release|Any CPU.ActiveCfg = Release|Any CPU
		{02E66916-A95E-4652-9484-BF0ED3A5AA29}.Release|Any CPU.Build.0 = Release|Any CPU
		{A62DBEF0-6DAA-4B22-BCB9-35299CA509F3}.Debug|Any CPU.ActiveCfg = Debug|Any CPU
		{A62DBEF0-6DAA-4B22-BCB9-35299CA509F3}.Debug|Any CPU.Build.0 = Debug|Any CPU
		{A62DBEF0-6DAA-4B22-BCB9-35299CA509F3}.Release|Any CPU.ActiveCfg = Release|Any CPU
		{A62DBEF0-6DAA-4B22-BCB9-35299CA509F3}.Release|Any CPU.Build.0 = Release|Any CPU
		{06DD5244-0D0A-4571-A405-425ECC75DC18}.Debug|Any CPU.ActiveCfg = Debug|Any CPU
		{06DD5244-0D0A-4571-A405-425ECC75DC18}.Debug|Any CPU.Build.0 = Debug|Any CPU
		{06DD5244-0D0A-4571-A405-425ECC75DC18}.Release|Any CPU.ActiveCfg = Release|Any CPU
		{06DD5244-0D0A-4571-A405-425ECC75DC18}.Release|Any CPU.Build.0 = Release|Any CPU
	EndGlobalSection
	GlobalSection(SolutionProperties) = preSolution
		HideSolutionNode = FALSE
	EndGlobalSection
	GlobalSection(ExtensibilityGlobals) = postSolution
		SolutionGuid = {696A4AF1-058A-4B05-B7D2-191807BA958A}
	EndGlobalSection
EndGlobal
